Microsoft Visual Studio Solution File, Format Version 12.00
# Visual Studio 2012
Project("{FAE04EC0-301F-11D3-BF4B-00C04F79EFBC}") = "MiniLyoko3", "MiniLyoko3.csproj", "{E6BA2715-50C7-4201-8763-9BF157200165}"
EndProject
Project("{FAE04EC0-301F-11D3-BF4B-00C04F79EFBC}") = "Domain", "Domain\Domain.csproj", "{CCF112E0-7764-4B42-8D7F-078D5D10E401}"
EndProject
Project("{FAE04EC0-301F-11D3-BF4B-00C04F79EFBC}") = "BackEnd", "BackEnd\BackEnd.csproj", "{8F2252AF-E037-4801-ACC6-1AA7E0E76908}"
EndProject
Global
	GlobalSection(SolutionConfigurationPlatforms) = preSolution
	Debug|Any CPU = Debug|Any CPU
	ExportDebug|Any CPU = ExportDebug|Any CPU
	ExportRelease|Any CPU = ExportRelease|Any CPU
	EndGlobalSection
	GlobalSection(ProjectConfigurationPlatforms) = postSolution
		{E6BA2715-50C7-4201-8763-9BF157200165}.Debug|Any CPU.ActiveCfg = Debug|Any CPU
		{E6BA2715-50C7-4201-8763-9BF157200165}.Debug|Any CPU.Build.0 = Debug|Any CPU
		{E6BA2715-50C7-4201-8763-9BF157200165}.ExportDebug|Any CPU.ActiveCfg = ExportDebug|Any CPU
		{E6BA2715-50C7-4201-8763-9BF157200165}.ExportDebug|Any CPU.Build.0 = ExportDebug|Any CPU
		{E6BA2715-50C7-4201-8763-9BF157200165}.ExportRelease|Any CPU.ActiveCfg = ExportRelease|Any CPU
		{E6BA2715-50C7-4201-8763-9BF157200165}.ExportRelease|Any CPU.Build.0 = ExportRelease|Any CPU
		{CCF112E0-7764-4B42-8D7F-078D5D10E401}.Debug|Any CPU.ActiveCfg = Debug|Any CPU
		{CCF112E0-7764-4B42-8D7F-078D5D10E401}.Debug|Any CPU.Build.0 = Debug|Any CPU
		{CCF112E0-7764-4B42-8D7F-078D5D10E401}.ExportDebug|Any CPU.ActiveCfg = ExportDebug|Any CPU
		{CCF112E0-7764-4B42-8D7F-078D5D10E401}.ExportDebug|Any CPU.Build.0 = ExportDebug|Any CPU
		{CCF112E0-7764-4B42-8D7F-078D5D10E401}.ExportRelease|Any CPU.ActiveCfg = Debug|Any CPU
		{CCF112E0-7764-4B42-8D7F-078D5D10E401}.ExportRelease|Any CPU.Build.0 = Debug|Any CPU
		{8F2252AF-E037-4801-ACC6-1AA7E0E76908}.Debug|Any CPU.ActiveCfg = Debug|Any CPU
		{8F2252AF-E037-4801-ACC6-1AA7E0E76908}.Debug|Any CPU.Build.0 = Debug|Any CPU
		{8F2252AF-E037-4801-ACC6-1AA7E0E76908}.ExportDebug|Any CPU.ActiveCfg = ExportDebug|Any CPU
		{8F2252AF-E037-4801-ACC6-1AA7E0E76908}.ExportDebug|Any CPU.Build.0 = ExportDebug|Any CPU
		{8F2252AF-E037-4801-ACC6-1AA7E0E76908}.ExportRelease|Any CPU.ActiveCfg = Debug|Any CPU
		{8F2252AF-E037-4801-ACC6-1AA7E0E76908}.ExportRelease|Any CPU.Build.0 = Debug|Any CPU
	EndGlobalSection
EndGlobal
